
Microsoft Visual Studio Solution File, Format Version 11.00
# Visual C++ Express 2010
Project("{8BC9CEB8-8B4A-11D0-8D11-00A0C91BC942}") = "xbmc-txupdate", "xbmc-txupdate.vcxproj", "{B2FC328A-1010-4A31-88C0-CD6C476F9C9A}"
	ProjectSection(ProjectDependencies) = postProject
		{F9C13A95-C7EB-40F3-A599-3695C1E0CF38} = {F9C13A95-C7EB-40F3-A599-3695C1E0CF38}
	EndProjectSection
EndProject
Global
	GlobalSection(SolutionConfigurationPlatforms) = preSolution
		Debug|Win32 = Debug|Win32
		Release|Win32 = Release|Win32
	EndGlobalSection
	GlobalSection(ProjectConfigurationPlatforms) = postSolution
		{B2FC328A-1010-4A31-88C0-CD6C476F9C9A}.Debug|Win32.ActiveCfg = Debug|Win32
		{B2FC328A-1010-4A31-88C0-CD6C476F9C9A}.Debug|Win32.Build.0 = Debug|Win32
		{B2FC328A-1010-4A31-88C0-CD6C476F9C9A}.Release|Win32.ActiveCfg = Release|Win32
		{B2FC328A-1010-4A31-88C0-CD6C476F9C9A}.Release|Win32.Build.0 = Release|Win32
		{F9C13A95-C7EB-40F3-A599-3695C1E0CF38}.Debug|Win32.ActiveCfg = Debug|Win32
		{F9C13A95-C7EB-40F3-A599-3695C1E0CF38}.Debug|Win32.Build.0 = Debug|Win32
		{F9C13A95-C7EB-40F3-A599-3695C1E0CF38}.Release|Win32.ActiveCfg = Release|Win32
		{F9C13A95-C7EB-40F3-A599-3695C1E0CF38}.Release|Win32.Build.0 = Release|Win32
	EndGlobalSection
	GlobalSection(SolutionProperties) = preSolution
		HideSolutionNode = FALSE
	EndGlobalSection
EndGlobal
